# This file is automatically @generated by Cargo.
# It is not intended for manual editing.
version = 3

[[package]]
name = "fl2rust"
version = "0.5.17"
dependencies = [
 "fluid-parser",
]

[[package]]
name = "fluid-parser"
version = "0.1.14"
source = "registry+https://github.com/rust-lang/crates.io-index"
checksum = "33e70a1798b10fa71da74a93a0c2123222df44d32aab6981b3a1e5d31db5b13d"
